{
  "name": "crypto-lab-dad-mode-morse2",
  "version": "5.0.0",
  "lockfileVersion": 2,
  "requires": true,
  "packages": {
    "": {
      "name": "crypto-lab-dad-mode-morse2",
      "version": "5.0.0",
      "license": "MIT",
      "dependencies": {
        "hash-wasm": "^4.12.0",
        "jsqr": "^1.4.0"
      },
      "devDependencies": {
        "hash-wasm": "^4.11.0"
      }
    },
    "node_modules/hash-wasm": {
      "version": "4.12.0",
      "resolved": "https://registry.npmjs.org/hash-wasm/-/hash-wasm-4.12.0.tgz",
      "integrity": "sha512-+/2B2rYLb48I/evdOIhP+K/DD2ca2fgBjp6O+GBEnCDk2e4rpeXIK8GvIyRPjTezgmWn9gmKwkQjjx6BtqDHVQ==",
      "dev": true
    },
    "node_modules/jsqr": {
      "version": "1.4.0",
      "resolved": "https://registry.npmjs.org/jsqr/-/jsqr-1.4.0.tgz",
      "integrity": "sha512-dxLob7q65Xg2DvstYkRpkYtmKm2sPJ9oFhrhmudT1dZvNFFTlroai3AWSpLey/w5vMcLBXRgOJsbXpdN9HzU/A==",
      "license": "Apache-2.0"
    }
  },
  "dependencies": {
    "hash-wasm": {
      "version": "4.12.0",
      "resolved": "https://registry.npmjs.org/hash-wasm/-/hash-wasm-4.12.0.tgz",
      "integrity": "sha512-+/2B2rYLb48I/evdOIhP+K/DD2ca2fgBjp6O+GBEnCDk2e4rpeXIK8GvIyRPjTezgmWn9gmKwkQjjx6BtqDHVQ==",
      "dev": true
    },
    "jsqr": {
      "version": "1.4.0",
      "resolved": "https://registry.npmjs.org/jsqr/-/jsqr-1.4.0.tgz",
      "integrity": "sha512-dxLob7q65Xg2DvstYkRpkYtmKm2sPJ9oFhrhmudT1dZvNFFTlroai3AWSpLey/w5vMcLBXRgOJsbXpdN9HzU/A=="
    }
  }
}
